
Microsoft Visual Studio Solution File, Format Version 12.00
# Visual Studio Version 17
VisualStudioVersion = 17.10.35013.160
MinimumVisualStudioVersion = 10.0.40219.1
Project("{9A19103F-16F7-4668-BE54-9A1E7A4F7556}") = "AppControleMantec.Domain", "AppControleMantec.Domain\AppControleMantec.Domain.csproj", "{F6409E31-0003-4AD5-BEBF-BDE870839FDB}"
EndProject
Project("{9A19103F-16F7-4668-BE54-9A1E7A4F7556}") = "AppControleMantec.Application", "AppControleMantec.Application\AppControleMantec.Application.csproj", "{6DC536A7-6B32-45E9-9E53-FE8DF6C34EC2}"
EndProject
Project("{9A19103F-16F7-4668-BE54-9A1E7A4F7556}") = "AppControleMantec.API", "AppControleMantec.API\AppControleMantec.API.csproj", "{0A3D8FFD-6510-4A6D-8EF9-CD6983406D7E}"
EndProject
Project("{9A19103F-16F7-4668-BE54-9A1E7A4F7556}") = "AppControleMantec.Domain.Test", "AppControleMantec.Domain.Test\AppControleMantec.Domain.Test.csproj", "{F3AFD606-F5D0-4A51-B0EB-723E9942844C}"
EndProject
Project("{FAE04EC0-301F-11D3-BF4B-00C04F79EFBC}") = "AppControleMantec.Infra.IoC", "AppControleMantec.Infra.IoC\AppControleMantec.Infra.IoC.csproj", "{4069844D-8B9C-4B4C-A68C-316FC69E0A46}"
EndProject
Project("{FAE04EC0-301F-11D3-BF4B-00C04F79EFBC}") = "AppControleMantec.Infra.Data.Mongo", "AppControleMantec.Infra.Data.Mongo\AppControleMantec.Infra.Data.Mongo.csproj", "{928E04B6-7E5F-40C9-8D20-722D27C860ED}"
EndProject
Global
	GlobalSection(SolutionConfigurationPlatforms) = preSolution
		Debug|Any CPU = Debug|Any CPU
		Release|Any CPU = Release|Any CPU
	EndGlobalSection
	GlobalSection(ProjectConfigurationPlatforms) = postSolution
		{F6409E31-0003-4AD5-BEBF-BDE870839FDB}.Debug|Any CPU.ActiveCfg = Debug|Any CPU
		{F6409E31-0003-4AD5-BEBF-BDE870839FDB}.Debug|Any CPU.Build.0 = Debug|Any CPU
		{F6409E31-0003-4AD5-BEBF-BDE870839FDB}.Release|Any CPU.ActiveCfg = Release|Any CPU
		{F6409E31-0003-4AD5-BEBF-BDE870839FDB}.Release|Any CPU.Build.0 = Release|Any CPU
		{6DC536A7-6B32-45E9-9E53-FE8DF6C34EC2}.Debug|Any CPU.ActiveCfg = Debug|Any CPU
		{6DC536A7-6B32-45E9-9E53-FE8DF6C34EC2}.Debug|Any CPU.Build.0 = Debug|Any CPU
		{6DC536A7-6B32-45E9-9E53-FE8DF6C34EC2}.Release|Any CPU.ActiveCfg = Release|Any CPU
		{6DC536A7-6B32-45E9-9E53-FE8DF6C34EC2}.Release|Any CPU.Build.0 = Release|Any CPU
		{0A3D8FFD-6510-4A6D-8EF9-CD6983406D7E}.Debug|Any CPU.ActiveCfg = Debug|Any CPU
		{0A3D8FFD-6510-4A6D-8EF9-CD6983406D7E}.Debug|Any CPU.Build.0 = Debug|Any CPU
		{0A3D8FFD-6510-4A6D-8EF9-CD6983406D7E}.Release|Any CPU.ActiveCfg = Release|Any CPU
		{0A3D8FFD-6510-4A6D-8EF9-CD6983406D7E}.Release|Any CPU.Build.0 = Release|Any CPU
		{F3AFD606-F5D0-4A51-B0EB-723E9942844C}.Debug|Any CPU.ActiveCfg = Debug|Any CPU
		{F3AFD606-F5D0-4A51-B0EB-723E9942844C}.Debug|Any CPU.Build.0 = Debug|Any CPU
		{F3AFD606-F5D0-4A51-B0EB-723E9942844C}.Release|Any CPU.ActiveCfg = Release|Any CPU
		{F3AFD606-F5D0-4A51-B0EB-723E9942844C}.Release|Any CPU.Build.0 = Release|Any CPU
		{4069844D-8B9C-4B4C-A68C-316FC69E0A46}.Debug|Any CPU.ActiveCfg = Debug|Any CPU
		{4069844D-8B9C-4B4C-A68C-316FC69E0A46}.Debug|Any CPU.Build.0 = Debug|Any CPU
		{4069844D-8B9C-4B4C-A68C-316FC69E0A46}.Release|Any CPU.ActiveCfg = Release|Any CPU
		{4069844D-8B9C-4B4C-A68C-316FC69E0A46}.Release|Any CPU.Build.0 = Release|Any CPU
		{928E04B6-7E5F-40C9-8D20-722D27C860ED}.Debug|Any CPU.ActiveCfg = Debug|Any CPU
		{928E04B6-7E5F-40C9-8D20-722D27C860ED}.Debug|Any CPU.Build.0 = Debug|Any CPU
		{928E04B6-7E5F-40C9-8D20-722D27C860ED}.Release|Any CPU.ActiveCfg = Release|Any CPU
		{928E04B6-7E5F-40C9-8D20-722D27C860ED}.Release|Any CPU.Build.0 = Release|Any CPU
	EndGlobalSection
	GlobalSection(SolutionProperties) = preSolution
		HideSolutionNode = FALSE
	EndGlobalSection
	GlobalSection(ExtensibilityGlobals) = postSolution
		SolutionGuid = {AFE60C9B-73D1-43FA-ACA2-0E32E1B8A8AC}
	EndGlobalSection
EndGlobal
